
Microsoft Visual Studio Solution File, Format Version 12.00
# Visual Studio Version 17
VisualStudioVersion = 17.0.31903.59
MinimumVisualStudioVersion = 10.0.40219.1
Project("{2150E333-8FDC-42A3-9474-1A3956D46DE8}") = "src", "src", "{4DE33385-A6D7-40D8-8A49-5D8CA1B3EC30}"
EndProject
Project("{FAE04EC0-301F-11D3-BF4B-00C04F79EFBC}") = "MyStickies", "src\MyStickies\MyStickies.csproj", "{2B259F01-AAFD-4670-AF6D-431D72FCEEF3}"
EndProject
Project("{2150E333-8FDC-42A3-9474-1A3956D46DE8}") = "tests", "tests", "{7BB91BE8-5934-4DC1-9840-D3A4378EC4D2}"
EndProject
Project("{FAE04EC0-301F-11D3-BF4B-00C04F79EFBC}") = "MyStickies.Tests", "tests\MyStickies.Tests\MyStickies.Tests.csproj", "{06A1CF5A-6EDE-4CF9-851F-70D4591D2BF3}"
EndProject
Global
	GlobalSection(SolutionConfigurationPlatforms) = preSolution
		Debug|Any CPU = Debug|Any CPU
		Release|Any CPU = Release|Any CPU
	EndGlobalSection
	GlobalSection(SolutionProperties) = preSolution
		HideSolutionNode = FALSE
	EndGlobalSection
	GlobalSection(ProjectConfigurationPlatforms) = postSolution
		{2B259F01-AAFD-4670-AF6D-431D72FCEEF3}.Debug|Any CPU.ActiveCfg = Debug|Any CPU
		{2B259F01-AAFD-4670-AF6D-431D72FCEEF3}.Debug|Any CPU.Build.0 = Debug|Any CPU
		{2B259F01-AAFD-4670-AF6D-431D72FCEEF3}.Release|Any CPU.ActiveCfg = Release|Any CPU
		{2B259F01-AAFD-4670-AF6D-431D72FCEEF3}.Release|Any CPU.Build.0 = Release|Any CPU
		{06A1CF5A-6EDE-4CF9-851F-70D4591D2BF3}.Debug|Any CPU.ActiveCfg = Debug|Any CPU
		{06A1CF5A-6EDE-4CF9-851F-70D4591D2BF3}.Debug|Any CPU.Build.0 = Debug|Any CPU
		{06A1CF5A-6EDE-4CF9-851F-70D4591D2BF3}.Release|Any CPU.ActiveCfg = Release|Any CPU
		{06A1CF5A-6EDE-4CF9-851F-70D4591D2BF3}.Release|Any CPU.Build.0 = Release|Any CPU
	EndGlobalSection
	GlobalSection(NestedProjects) = preSolution
		{2B259F01-AAFD-4670-AF6D-431D72FCEEF3} = {4DE33385-A6D7-40D8-8A49-5D8CA1B3EC30}
		{06A1CF5A-6EDE-4CF9-851F-70D4591D2BF3} = {7BB91BE8-5934-4DC1-9840-D3A4378EC4D2}
	EndGlobalSection
EndGlobal
